// !$*UTF8*$!
{
	archiveVersion = 1;
	classes = {
	};
	objectVersion = 50;
	objects = {

/* Begin PBXBuildFile section */
		047686EF256B5C32005ABF79 /* AppDelegate.swift in Sources */ = {isa = PBXBuildFile; fileRef = 047686EE256B5C32005ABF79 /* AppDelegate.swift */; };
		047686F1256B5C32005ABF79 /* SceneDelegate.swift in Sources */ = {isa = PBXBuildFile; fileRef = 047686F0256B5C32005ABF79 /* SceneDelegate.swift */; };
		047686F3256B5C32005ABF79 /* ViewController.swift in Sources */ = {isa = PBXBuildFile; fileRef = 047686F2256B5C32005ABF79 /* ViewController.swift */; };
		047686F6256B5C32005ABF79 /* Main.storyboard in Resources */ = {isa = PBXBuildFile; fileRef = 047686F4256B5C32005ABF79 /* Main.storyboard */; };
		047686F8256B5C36005ABF79 /* Assets.xcassets in Resources */ = {isa = PBXBuildFile; fileRef = 047686F7256B5C36005ABF79 /* Assets.xcassets */; };
		047686FB256B5C36005ABF79 /* LaunchScreen.storyboard in Resources */ = {isa = PBXBuildFile; fileRef = 047686F9256B5C36005ABF79 /* LaunchScreen.storyboard */; };
		04768706256B5C36005ABF79 /* color_magicTests.swift in Sources */ = {isa = PBXBuildFile; fileRef = 04768705256B5C36005ABF79 /* color_magicTests.swift */; };
		04768711256B5C36005ABF79 /* color_magicUITests.swift in Sources */ = {isa = PBXBuildFile; fileRef = 04768710256B5C36005ABF79 /* color_magicUITests.swift */; };
/* End PBXBuildFile section */

/* Begin PBXContainerItemProxy section */
		04768702256B5C36005ABF79 /* PBXContainerItemProxy */ = {
			isa = PBXContainerItemProxy;
			containerPortal = 047686E3256B5C32005ABF79 /* Project object */;
			proxyType = 1;
			remoteGlobalIDString = 047686EA256B5C32005ABF79;
			remoteInfo = "color-magic";
		};
		0476870D256B5C36005ABF79 /* PBXContainerItemProxy */ = {
			isa = PBXContainerItemProxy;
			containerPortal = 047686E3256B5C32005ABF79 /* Project object */;
			proxyType = 1;
			remoteGlobalIDString = 047686EA256B5C32005ABF79;
			remoteInfo = "color-magic";
		};
/* End PBXContainerItemProxy section */

/* Begin PBXFileReference section */
		047686EB256B5C32005ABF79 /* color-magic.app */ = {isa = PBXFileReference; explicitFileType = wrapper.application; includeInIndex = 0; path = "color-magic.app"; sourceTree = BUILT_PRODUCTS_DIR; };
		047686EE256B5C32005ABF79 /* AppDelegate.swift */ = {isa = PBXFileReference; lastKnownFileType = sourcecode.swift; path = AppDelegate.swift; sourceTree = "<group>"; };
		047686F0256B5C32005ABF79 /* SceneDelegate.swift */ = {isa = PBXFileReference; lastKnownFileType = sourcecode.swift; path = SceneDelegate.swift; sourceTree = "<group>"; };
		047686F2256B5C32005ABF79 /* ViewController.swift */ = {isa = PBXFileReference; lastKnownFileType = sourcecode.swift; path = ViewController.swift; sourceTree = "<group>"; };
		047686F5256B5C32005ABF79 /* Base */ = {isa = PBXFileReference; lastKnownFileType = file.storyboard; name = Base; path = Base.lproj/Main.storyboard; sourceTree = "<group>"; };
		047686F7256B5C36005ABF79 /* Assets.xcassets */ = {isa = PBXFileReference; lastKnownFileType = folder.assetcatalog; path = Assets.xcassets; sourceTree = "<group>"; };
		047686FA256B5C36005ABF79 /* Base */ = {isa = PBXFileReference; lastKnownFileType = file.storyboard; name = Base; path = Base.lproj/LaunchScreen.storyboard; sourceTree = "<group>"; };
		047686FC256B5C36005ABF79 /* Info.plist */ = {isa = PBXFileReference; lastKnownFileType = text.plist.xml; path = Info.plist; sourceTree = "<group>"; };
		04768701256B5C36005ABF79 /* color-magicTests.xctest */ = {isa = PBXFileReference; explicitFileType = wrapper.cfbundle; includeInIndex = 0; path = "color-magicTests.xctest"; sourceTree = BUILT_PRODUCTS_DIR; };
		04768705256B5C36005ABF79 /* color_magicTests.swift */ = {isa = PBXFileReference; lastKnownFileType = sourcecode.swift; path = color_magicTests.swift; sourceTree = "<group>"; };
		04768707256B5C36005ABF79 /* Info.plist */ = {isa = PBXFileReference; lastKnownFileType = text.plist.xml; path = Info.plist; sourceTree = "<group>"; };
		0476870C256B5C36005ABF79 /* color-magicUITests.xctest */ = {isa = PBXFileReference; explicitFileType = wrapper.cfbundle; includeInIndex = 0; path = "color-magicUITests.xctest"; sourceTree = BUILT_PRODUCTS_DIR; };
		04768710256B5C36005ABF79 /* color_magicUITests.swift */ = {isa = PBXFileReference; lastKnownFileType = sourcecode.swift; path = color_magicUITests.swift; sourceTree = "<group>"; };
		04768712256B5C36005ABF79 /* Info.plist */ = {isa = PBXFileReference; lastKnownFileType = text.plist.xml; path = Info.plist; sourceTree = "<group>"; };
/* End PBXFileReference section */

/* Begin PBXFrameworksBuildPhase section */
		047686E8256B5C32005ABF79 /* Frameworks */ = {
			isa = PBXFrameworksBuildPhase;
			buildActionMask = 2147483647;
			files = (
			);
			runOnlyForDeploymentPostprocessing = 0;
		};
		047686FE256B5C36005ABF79 /* Frameworks */ = {
			isa = PBXFrameworksBuildPhase;
			buildActionMask = 2147483647;
			files = (
			);
			runOnlyForDeploymentPostprocessing = 0;
		};
		04768709256B5C36005ABF79 /* Frameworks */ = {
			isa = PBXFrameworksBuildPhase;
			buildActionMask = 2147483647;
			files = (
			);
			runOnlyForDeploymentPostprocessing = 0;
		};
/* End PBXFrameworksBuildPhase section */

/* Begin PBXGroup section */
		047686E2256B5C32005ABF79 = {
			isa = PBXGroup;
			children = (
				047686ED256B5C32005ABF79 /* color-magic */,
				04768704256B5C36005ABF79 /* color-magicTests */,
				0476870F256B5C36005ABF79 /* color-magicUITests */,
				047686EC256B5C32005ABF79 /* Products */,
			);
			sourceTree = "<group>";
		};
		047686EC256B5C32005ABF79 /* Products */ = {
			isa = PBXGroup;
			children = (
				047686EB256B5C32005ABF79 /* color-magic.app */,
				04768701256B5C36005ABF79 /* color-magicTests.xctest */,
				0476870C256B5C36005ABF79 /* color-magicUITests.xctest */,
			);
			name = Products;
			sourceTree = "<group>";
		};
		047686ED256B5C32005ABF79 /* color-magic */ = {
			isa = PBXGroup;
			children = (
				047686EE256B5C32005ABF79 /* AppDelegate.swift */,
				047686F0256B5C32005ABF79 /* SceneDelegate.swift */,
				047686F2256B5C32005ABF79 /* ViewController.swift */,
				047686F4256B5C32005ABF79 /* Main.storyboard */,
				047686F7256B5C36005ABF79 /* Assets.xcassets */,
				047686F9256B5C36005ABF79 /* LaunchScreen.storyboard */,
				047686FC256B5C36005ABF79 /* Info.plist */,
			);
			path = "color-magic";
			sourceTree = "<group>";
		};
		04768704256B5C36005ABF79 /* color-magicTests */ = {
			isa = PBXGroup;
			children = (
				04768705256B5C36005ABF79 /* color_magicTests.swift */,
				04768707256B5C36005ABF79 /* Info.plist */,
			);
			path = "color-magicTests";
			sourceTree = "<group>";
		};
		0476870F256B5C36005ABF79 /* color-magicUITests */ = {
			isa = PBXGroup;
			children = (
				04768710256B5C36005ABF79 /* color_magicUITests.swift */,
				04768712256B5C36005ABF79 /* Info.plist */,
			);
			path = "color-magicUITests";
			sourceTree = "<group>";
		};
/* End PBXGroup section */

/* Begin PBXNativeTarget section */
		047686EA256B5C32005ABF79 /* color-magic */ = {
			isa = PBXNativeTarget;
			buildConfigurationList = 04768715256B5C36005ABF79 /* Build configuration list for PBXNativeTarget "color-magic" */;
			buildPhases = (
				047686E7256B5C32005ABF79 /* Sources */,
				047686E8256B5C32005ABF79 /* Frameworks */,
				047686E9256B5C32005ABF79 /* Resources */,
			);
			buildRules = (
			);
			dependencies = (
			);
			name = "color-magic";
			productName = "color-magic";
			productReference = 047686EB256B5C32005ABF79 /* color-magic.app */;
			productType = "com.apple.product-type.application";
		};
		04768700256B5C36005ABF79 /* color-magicTests */ = {
			isa = PBXNativeTarget;
			buildConfigurationList = 04768718256B5C36005ABF79 /* Build configuration list for PBXNativeTarget "color-magicTests" */;
			buildPhases = (
				047686FD256B5C36005ABF79 /* Sources */,
				047686FE256B5C36005ABF79 /* Frameworks */,
				047686FF256B5C36005ABF79 /* Resources */,
			);
			buildRules = (
			);
			dependencies = (
				04768703256B5C36005ABF79 /* PBXTargetDependency */,
			);
			name = "color-magicTests";
			productName = "color-magicTests";
			productReference = 04768701256B5C36005ABF79 /* color-magicTests.xctest */;
			productType = "com.apple.product-type.bundle.unit-test";
		};
		0476870B256B5C36005ABF79 /* color-magicUITests */ = {
			isa = PBXNativeTarget;
			buildConfigurationList = 0476871B256B5C36005ABF79 /* Build configuration list for PBXNativeTarget "color-magicUITests" */;
			buildPhases = (
				04768708256B5C36005ABF79 /* Sources */,
				04768709256B5C36005ABF79 /* Frameworks */,
				0476870A256B5C36005ABF79 /* Resources */,
			);
			buildRules = (
			);
			dependencies = (
				0476870E256B5C36005ABF79 /* PBXTargetDependency */,
			);
			name = "color-magicUITests";
			productName = "color-magicUITests";
			productReference = 0476870C256B5C36005ABF79 /* color-magicUITests.xctest */;
			productType = "com.apple.product-type.bundle.ui-testing";
		};
/* End PBXNativeTarget section */

/* Begin PBXProject section */
		047686E3256B5C32005ABF79 /* Project object */ = {
			isa = PBXProject;
			attributes = {
				LastSwiftUpdateCheck = 1220;
				LastUpgradeCheck = 1220;
				TargetAttributes = {
					047686EA256B5C32005ABF79 = {
						CreatedOnToolsVersion = 12.2;
					};
					04768700256B5C36005ABF79 = {
						CreatedOnToolsVersion = 12.2;
						TestTargetID = 047686EA256B5C32005ABF79;
					};
					0476870B256B5C36005ABF79 = {
						CreatedOnToolsVersion = 12.2;
						TestTargetID = 047686EA256B5C32005ABF79;
					};
				};
			};
			buildConfigurationList = 047686E6256B5C32005ABF79 /* Build configuration list for PBXProject "color-magic" */;
			compatibilityVersion = "Xcode 9.3";
			developmentRegion = en;
			hasScannedForEncodings = 0;
			knownRegions = (
				en,
				Base,
			);
			mainGroup = 047686E2256B5C32005ABF79;
			productRefGroup = 047686EC256B5C32005ABF79 /* Products */;
			projectDirPath = "";
			projectRoot = "";
			targets = (
				047686EA256B5C32005ABF79 /* color-magic */,
				04768700256B5C36005ABF79 /* color-magicTests */,
				0476870B256B5C36005ABF79 /* color-magicUITests */,
			);
		};
/* End PBXProject section */

/* Begin PBXResourcesBuildPhase section */
		047686E9256B5C32005ABF79 /* Resources */ = {
			isa = PBXResourcesBuildPhase;
			buildActionMask = 2147483647;
			files = (
				047686FB256B5C36005ABF79 /* LaunchScreen.storyboard in Resources */,
				047686F8256B5C36005ABF79 /* Assets.xcassets in Resources */,
				047686F6256B5C32005ABF79 /* Main.storyboard in Resources */,
			);
			runOnlyForDeploymentPostprocessing = 0;
		};
		047686FF256B5C36005ABF79 /* Resources */ = {
			isa = PBXResourcesBuildPhase;
			buildActionMask = 2147483647;
			files = (
			);
			runOnlyForDeploymentPostprocessing = 0;
		};
		0476870A256B5C36005ABF79 /* Resources */ = {
			isa = PBXResourcesBuildPhase;
			buildActionMask = 2147483647;
			files = (
			);
			runOnlyForDeploymentPostprocessing = 0;
		};
/* End PBXResourcesBuildPhase section */

/* Begin PBXSourcesBuildPhase section */
		047686E7256B5C32005ABF79 /* Sources */ = {
			isa = PBXSourcesBuildPhase;
			buildActionMask = 2147483647;
			files = (
				047686F3256B5C32005ABF79 /* ViewController.swift in Sources */,
				047686EF256B5C32005ABF79 /* AppDelegate.swift in Sources */,
				047686F1256B5C32005ABF79 /* SceneDelegate.swift in Sources */,
			);
			runOnlyForDeploymentPostprocessing = 0;
		};
		047686FD256B5C36005ABF79 /* Sources */ = {
			isa = PBXSourcesBuildPhase;
			buildActionMask = 2147483647;
			files = (
				04768706256B5C36005ABF79 /* color_magicTests.swift in Sources */,
			);
			runOnlyForDeploymentPostprocessing = 0;
		};
		04768708256B5C36005ABF79 /* Sources */ = {
			isa = PBXSourcesBuildPhase;
			buildActionMask = 2147483647;
			files = (
				04768711256B5C36005ABF79 /* color_magicUITests.swift in Sources */,
			);
			runOnlyForDeploymentPostprocessing = 0;
		};
/* End PBXSourcesBuildPhase section */

/* Begin PBXTargetDependency section */
		04768703256B5C36005ABF79 /* PBXTargetDependency */ = {
			isa = PBXTargetDependency;
			target = 047686EA256B5C32005ABF79 /* color-magic */;
			targetProxy = 04768702256B5C36005ABF79 /* PBXContainerItemProxy */;
		};
		0476870E256B5C36005ABF79 /* PBXTargetDependency */ = {
			isa = PBXTargetDependency;
			target = 047686EA256B5C32005ABF79 /* color-magic */;
			targetProxy = 0476870D256B5C36005ABF79 /* PBXContainerItemProxy */;
		};
/* End PBXTargetDependency section */

/* Begin PBXVariantGroup section */
		047686F4256B5C32005ABF79 /* Main.storyboard */ = {
			isa = PBXVariantGroup;
			children = (
				047686F5256B5C32005ABF79 /* Base */,
			);
			name = Main.storyboard;
			sourceTree = "<group>";
		};
		047686F9256B5C36005ABF79 /* LaunchScreen.storyboard */ = {
			isa = PBXVariantGroup;
			children = (
				047686FA256B5C36005ABF79 /* Base */,
			);
			name = LaunchScreen.storyboard;
			sourceTree = "<group>";
		};
/* End PBXVariantGroup section */

/* Begin XCBuildConfiguration section */
		04768713256B5C36005ABF79 /* Debug */ = {
			isa = XCBuildConfiguration;
			buildSettings = {
				ALWAYS_SEARCH_USER_PATHS = NO;
				CLANG_ANALYZER_NONNULL = YES;
				CLANG_ANALYZER_NUMBER_OBJECT_CONVERSION = YES_AGGRESSIVE;
				CLANG_CXX_LANGUAGE_STANDARD = "gnu++14";
				CLANG_CXX_LIBRARY = "libc++";
				CLANG_ENABLE_MODULES = YES;
				CLANG_ENABLE_OBJC_ARC = YES;
				CLANG_ENABLE_OBJC_WEAK = YES;
				CLANG_WARN_BLOCK_CAPTURE_AUTORELEASING = YES;
				CLANG_WARN_BOOL_CONVERSION = YES;
				CLANG_WARN_COMMA = YES;
				CLANG_WARN_CONSTANT_CONVERSION = YES;
				CLANG_WARN_DEPRECATED_OBJC_IMPLEMENTATIONS = YES;
				CLANG_WARN_DIRECT_OBJC_ISA_USAGE = YES_ERROR;
				CLANG_WARN_DOCUMENTATION_COMMENTS = YES;
				CLANG_WARN_EMPTY_BODY = YES;
				CLANG_WARN_ENUM_CONVERSION = YES;
				CLANG_WARN_INFINITE_RECURSION = YES;
				CLANG_WARN_INT_CONVERSION = YES;
				CLANG_WARN_NON_LITERAL_NULL_CONVERSION = YES;
				CLANG_WARN_OBJC_IMPLICIT_RETAIN_SELF = YES;
				CLANG_WARN_OBJC_LITERAL_CONVERSION = YES;
				CLANG_WARN_OBJC_ROOT_CLASS = YES_ERROR;
				CLANG_WARN_QUOTED_INCLUDE_IN_FRAMEWORK_HEADER = YES;
				CLANG_WARN_RANGE_LOOP_ANALYSIS = YES;
				CLANG_WARN_STRICT_PROTOTYPES = YES;
				CLANG_WARN_SUSPICIOUS_MOVE = YES;
				CLANG_WARN_UNGUARDED_AVAILABILITY = YES_AGGRESSIVE;
				CLANG_WARN_UNREACHABLE_CODE = YES;
				CLANG_WARN__DUPLICATE_METHOD_MATCH = YES;
				COPY_PHASE_STRIP = NO;
				DEBUG_INFORMATION_FORMAT = dwarf;
				ENABLE_STRICT_OBJC_MSGSEND = YES;
				ENABLE_TESTABILITY = YES;
				GCC_C_LANGUAGE_STANDARD = gnu11;
				GCC_DYNAMIC_NO_PIC = NO;
				GCC_NO_COMMON_BLOCKS = YES;
				GCC_OPTIMIZATION_LEVEL = 0;
				GCC_PREPROCESSOR_DEFINITIONS = (
					"DEBUG=1",
					"$(inherited)",
				);
				GCC_WARN_64_TO_32_BIT_CONVERSION = YES;
				GCC_WARN_ABOUT_RETURN_TYPE = YES_ERROR;
				GCC_WARN_UNDECLARED_SELECTOR = YES;
				GCC_WARN_UNINITIALIZED_AUTOS = YES_AGGRESSIVE;
				GCC_WARN_UNUSED_FUNCTION = YES;
				GCC_WARN_UNUSED_VARIABLE = YES;
				IPHONEOS_DEPLOYMENT_TARGET = 14.2;
				MTL_ENABLE_DEBUG_INFO = INCLUDE_SOURCE;
				MTL_FAST_MATH = YES;
				ONLY_ACTIVE_ARCH = YES;
				SDKROOT = iphoneos;
				SWIFT_ACTIVE_COMPILATION_CONDITIONS = DEBUG;
				SWIFT_OPTIMIZATION_LEVEL = "-Onone";
			};
			name = Debug;
		};
		04768714256B5C36005ABF79 /* Release */ = {
			isa = XCBuildConfiguration;
			buildSettings = {
				ALWAYS_SEARCH_USER_PATHS = NO;
				CLANG_ANALYZER_NONNULL = YES;
				CLANG_ANALYZER_NUMBER_OBJECT_CONVERSION = YES_AGGRESSIVE;
				CLANG_CXX_LANGUAGE_STANDARD = "gnu++14";
				CLANG_CXX_LIBRARY = "libc++";
				CLANG_ENABLE_MODULES = YES;
				CLANG_ENABLE_OBJC_ARC = YES;
				CLANG_ENABLE_OBJC_WEAK = YES;
				CLANG_WARN_BLOCK_CAPTURE_AUTORELEASING = YES;
				CLANG_WARN_BOOL_CONVERSION = YES;
				CLANG_WARN_COMMA = YES;
				CLANG_WARN_CONSTANT_CONVERSION = YES;
				CLANG_WARN_DEPRECATED_OBJC_IMPLEMENTATIONS = YES;
				CLANG_WARN_DIRECT_OBJC_ISA_USAGE = YES_ERROR;
				CLANG_WARN_DOCUMENTATION_COMMENTS = YES;
				CLANG_WARN_EMPTY_BODY = YES;
				CLANG_WARN_ENUM_CONVERSION = YES;
				CLANG_WARN_INFINITE_RECURSION = YES;
				CLANG_WARN_INT_CONVERSION = YES;
				CLANG_WARN_NON_LITERAL_NULL_CONVERSION = YES;
				CLANG_WARN_OBJC_IMPLICIT_RETAIN_SELF = YES;
				CLANG_WARN_OBJC_LITERAL_CONVERSION = YES;
				CLANG_WARN_OBJC_ROOT_CLASS = YES_ERROR;
				CLANG_WARN_QUOTED_INCLUDE_IN_FRAMEWORK_HEADER = YES;
				CLANG_WARN_RANGE_LOOP_ANALYSIS = YES;
				CLANG_WARN_STRICT_PROTOTYPES = YES;
				CLANG_WARN_SUSPICIOUS_MOVE = YES;
				CLANG_WARN_UNGUARDED_AVAILABILITY = YES_AGGRESSIVE;
				CLANG_WARN_UNREACHABLE_CODE = YES;
				CLANG_WARN__DUPLICATE_METHOD_MATCH = YES;
				COPY_PHASE_STRIP = NO;
				DEBUG_INFORMATION_FORMAT = "dwarf-with-dsym";
				ENABLE_NS_ASSERTIONS = NO;
				ENABLE_STRICT_OBJC_MSGSEND = YES;
				GCC_C_LANGUAGE_STANDARD = gnu11;
				GCC_NO_COMMON_BLOCKS = YES;
				GCC_WARN_64_TO_32_BIT_CONVERSION = YES;
				GCC_WARN_ABOUT_RETURN_TYPE = YES_ERROR;
				GCC_WARN_UNDECLARED_SELECTOR = YES;
				GCC_WARN_UNINITIALIZED_AUTOS = YES_AGGRESSIVE;
				GCC_WARN_UNUSED_FUNCTION = YES;
				GCC_WARN_UNUSED_VARIABLE = YES;
				IPHONEOS_DEPLOYMENT_TARGET = 14.2;
				MTL_ENABLE_DEBUG_INFO = NO;
				MTL_FAST_MATH = YES;
				SDKROOT = iphoneos;
				SWIFT_COMPILATION_MODE = wholemodule;
				SWIFT_OPTIMIZATION_LEVEL = "-O";
				VALIDATE_PRODUCT = YES;
			};
			name = Release;
		};
		04768716256B5C36005ABF79 /* Debug */ = {
			isa = XCBuildConfiguration;
			buildSettings = {
				ASSETCATALOG_COMPILER_APPICON_NAME = AppIcon;
				ASSETCATALOG_COMPILER_GLOBAL_ACCENT_COLOR_NAME = AccentColor;
				CODE_SIGN_STYLE = Automatic;
				INFOPLIST_FILE = "color-magic/Info.plist";
				LD_RUNPATH_SEARCH_PATHS = (
					"$(inherited)",
					"@executable_path/Frameworks",
				);
				PRODUCT_BUNDLE_IDENTIFIER = "com.hungr.color-magic";
				PRODUCT_NAME = "$(TARGET_NAME)";
				SWIFT_VERSION = 5.0;
				TARGETED_DEVICE_FAMILY = "1,2";
			};
			name = Debug;
		};
		04768717256B5C36005ABF79 /* Release */ = {
			isa = XCBuildConfiguration;
			buildSettings = {
				ASSETCATALOG_COMPILER_APPICON_NAME = AppIcon;
				ASSETCATALOG_COMPILER_GLOBAL_ACCENT_COLOR_NAME = AccentColor;
				CODE_SIGN_STYLE = Automatic;
				INFOPLIST_FILE = "color-magic/Info.plist";
				LD_RUNPATH_SEARCH_PATHS = (
					"$(inherited)",
					"@executable_path/Frameworks",
				);
				PRODUCT_BUNDLE_IDENTIFIER = "com.hungr.color-magic";
				PRODUCT_NAME = "$(TARGET_NAME)";
				SWIFT_VERSION = 5.0;
				TARGETED_DEVICE_FAMILY = "1,2";
			};
			name = Release;
		};
		04768719256B5C36005ABF79 /* Debug */ = {
			isa = XCBuildConfiguration;
			buildSettings = {
				ALWAYS_EMBED_SWIFT_STANDARD_LIBRARIES = YES;
				BUNDLE_LOADER = "$(TEST_HOST)";
				CODE_SIGN_STYLE = Automatic;
				INFOPLIST_FILE = "color-magicTests/Info.plist";
				IPHONEOS_DEPLOYMENT_TARGET = 14.2;
				LD_RUNPATH_SEARCH_PATHS = (
					"$(inherited)",
					"@executable_path/Frameworks",
					"@loader_path/Frameworks",
				);
				PRODUCT_BUNDLE_IDENTIFIER = "com.hungr.color-magicTests";
				PRODUCT_NAME = "$(TARGET_NAME)";
				SWIFT_VERSION = 5.0;
				TARGETED_DEVICE_FAMILY = "1,2";
				TEST_HOST = "$(BUILT_PRODUCTS_DIR)/color-magic.app/color-magic";
			};
			name = Debug;
		};
		0476871A256B5C36005ABF79 /* Release */ = {
			isa = XCBuildConfiguration;
			buildSettings = {
				ALWAYS_EMBED_SWIFT_STANDARD_LIBRARIES = YES;
				BUNDLE_LOADER = "$(TEST_HOST)";
				CODE_SIGN_STYLE = Automatic;
				INFOPLIST_FILE = "color-magicTests/Info.plist";
				IPHONEOS_DEPLOYMENT_TARGET = 14.2;
				LD_RUNPATH_SEARCH_PATHS = (
					"$(inherited)",
					"@executable_path/Frameworks",
					"@loader_path/Frameworks",
				);
				PRODUCT_BUNDLE_IDENTIFIER = "com.hungr.color-magicTests";
				PRODUCT_NAME = "$(TARGET_NAME)";
				SWIFT_VERSION = 5.0;
				TARGETED_DEVICE_FAMILY = "1,2";
				TEST_HOST = "$(BUILT_PRODUCTS_DIR)/color-magic.app/color-magic";
			};
			name = Release;
		};
		0476871C256B5C36005ABF79 /* Debug */ = {
			isa = XCBuildConfiguration;
			buildSettings = {
				ALWAYS_EMBED_SWIFT_STANDARD_LIBRARIES = YES;
				CODE_SIGN_STYLE = Automatic;
				INFOPLIST_FILE = "color-magicUITests/Info.plist";
				LD_RUNPATH_SEARCH_PATHS = (
					"$(inherited)",
					"@executable_path/Frameworks",
					"@loader_path/Frameworks",
				);
				PRODUCT_BUNDLE_IDENTIFIER = "com.hungr.color-magicUITests";
				PRODUCT_NAME = "$(TARGET_NAME)";
				SWIFT_VERSION = 5.0;
				TARGETED_DEVICE_FAMILY = "1,2";
				TEST_TARGET_NAME = "color-magic";
			};
			name = Debug;
		};
		0476871D256B5C36005ABF79 /* Release */ = {
			isa = XCBuildConfiguration;
			buildSettings = {
				ALWAYS_EMBED_SWIFT_STANDARD_LIBRARIES = YES;
				CODE_SIGN_STYLE = Automatic;
				INFOPLIST_FILE = "color-magicUITests/Info.plist";
				LD_RUNPATH_SEARCH_PATHS = (
					"$(inherited)",
					"@executable_path/Frameworks",
					"@loader_path/Frameworks",
				);
				PRODUCT_BUNDLE_IDENTIFIER = "com.hungr.color-magicUITests";
				PRODUCT_NAME = "$(TARGET_NAME)";
				SWIFT_VERSION = 5.0;
				TARGETED_DEVICE_FAMILY = "1,2";
				TEST_TARGET_NAME = "color-magic";
			};
			name = Release;
		};
/* End XCBuildConfiguration section */

/* Begin XCConfigurationList section */
		047686E6256B5C32005ABF79 /* Build configuration list for PBXProject "color-magic" */ = {
			isa = XCConfigurationList;
			buildConfigurations = (
				04768713256B5C36005ABF79 /* Debug */,
				04768714256B5C36005ABF79 /* Release */,
			);
			defaultConfigurationIsVisible = 0;
			defaultConfigurationName = Release;
		};
		04768715256B5C36005ABF79 /* Build configuration list for PBXNativeTarget "color-magic" */ = {
			isa = XCConfigurationList;
			buildConfigurations = (
				04768716256B5C36005ABF79 /* Debug */,
				04768717256B5C36005ABF79 /* Release */,
			);
			defaultConfigurationIsVisible = 0;
			defaultConfigurationName = Release;
		};
		04768718256B5C36005ABF79 /* Build configuration list for PBXNativeTarget "color-magicTests" */ = {
			isa = XCConfigurationList;
			buildConfigurations = (
				04768719256B5C36005ABF79 /* Debug */,
				0476871A256B5C36005ABF79 /* Release */,
			);
			defaultConfigurationIsVisible = 0;
			defaultConfigurationName = Release;
		};
		0476871B256B5C36005ABF79 /* Build configuration list for PBXNativeTarget "color-magicUITests" */ = {
			isa = XCConfigurationList;
			buildConfigurations = (
				0476871C256B5C36005ABF79 /* Debug */,
				0476871D256B5C36005ABF79 /* Release */,
			);
			defaultConfigurationIsVisible = 0;
			defaultConfigurationName = Release;
		};
/* End XCConfigurationList section */
	};
	rootObject = 047686E3256B5C32005ABF79 /* Project object */;
}
